// !$*UTF8*$!
{
	archiveVersion = 1;
	classes = {
	};
	objectVersion = 46;
	objects = {

/* Begin PBXBuildFile section */
		7D1585941CBEB1E900361F3C /* NetManager.m in Sources */ = {isa = PBXBuildFile; fileRef = 7D1585931CBEB1E900361F3C /* NetManager.m */; };
		7D1585971CBEB48E00361F3C /* LoginController.m in Sources */ = {isa = PBXBuildFile; fileRef = 7D1585961CBEB48E00361F3C /* LoginController.m */; };
		7D15859D1CBF6D8A00361F3C /* DetailController.m in Sources */ = {isa = PBXBuildFile; fileRef = 7D15859C1CBF6D8A00361F3C /* DetailController.m */; };
		7D5F0B4B1CD3BFB700F4FB67 /* ImageCell.m in Sources */ = {isa = PBXBuildFile; fileRef = 7D5F0B491CD3BFB700F4FB67 /* ImageCell.m */; };
		7D5F0B4C1CD3BFB700F4FB67 /* ImageCell.xib in Resources */ = {isa = PBXBuildFile; fileRef = 7D5F0B4A1CD3BFB700F4FB67 /* ImageCell.xib */; };
		7D5F0B501CD3BFCB00F4FB67 /* TextCell.m in Sources */ = {isa = PBXBuildFile; fileRef = 7D5F0B4E1CD3BFCB00F4FB67 /* TextCell.m */; };
		7D5F0B511CD3BFCB00F4FB67 /* TextCell.xib in Resources */ = {isa = PBXBuildFile; fileRef = 7D5F0B4F1CD3BFCB00F4FB67 /* TextCell.xib */; };
		7D5F0B551CD3BFD900F4FB67 /* CustomCell.m in Sources */ = {isa = PBXBuildFile; fileRef = 7D5F0B531CD3BFD900F4FB67 /* CustomCell.m */; };
		7D5F0B561CD3BFD900F4FB67 /* CustomCell.xib in Resources */ = {isa = PBXBuildFile; fileRef = 7D5F0B541CD3BFD900F4FB67 /* CustomCell.xib */; };
		7D6F29701CC90DD5005B6344 /* OAuthViewController.m in Sources */ = {isa = PBXBuildFile; fileRef = 7D6F296F1CC90DD5005B6344 /* OAuthViewController.m */; };
		7D6F29731CC9559B005B6344 /* NewsController.m in Sources */ = {isa = PBXBuildFile; fileRef = 7D6F29721CC9559B005B6344 /* NewsController.m */; };
		7D6F29771CCA39F0005B6344 /* FeedMapper.m in Sources */ = {isa = PBXBuildFile; fileRef = 7D6F29761CCA39F0005B6344 /* FeedMapper.m */; };
		7D6F29911CCCD274005B6344 /* CoreData.framework in Frameworks */ = {isa = PBXBuildFile; fileRef = 7D6F29901CCCD274005B6344 /* CoreData.framework */; };
		7D6F29B41CCE1455005B6344 /* Profile+CoreDataProperties.m in Sources */ = {isa = PBXBuildFile; fileRef = 7D6F29A51CCE1455005B6344 /* Profile+CoreDataProperties.m */; };
		7D6F29B51CCE1455005B6344 /* Profile.m in Sources */ = {isa = PBXBuildFile; fileRef = 7D6F29A71CCE1455005B6344 /* Profile.m */; };
		7D6F29B61CCE1455005B6344 /* Photo+CoreDataProperties.m in Sources */ = {isa = PBXBuildFile; fileRef = 7D6F29A91CCE1455005B6344 /* Photo+CoreDataProperties.m */; };
		7D6F29B71CCE1455005B6344 /* Photo.m in Sources */ = {isa = PBXBuildFile; fileRef = 7D6F29AB1CCE1455005B6344 /* Photo.m */; };
		7D6F29B81CCE1455005B6344 /* Item+CoreDataProperties.m in Sources */ = {isa = PBXBuildFile; fileRef = 7D6F29AD1CCE1455005B6344 /* Item+CoreDataProperties.m */; };
		7D6F29B91CCE1455005B6344 /* Item.m in Sources */ = {isa = PBXBuildFile; fileRef = 7D6F29AF1CCE1455005B6344 /* Item.m */; };
		7D6F29BA1CCE1455005B6344 /* Group+CoreDataProperties.m in Sources */ = {isa = PBXBuildFile; fileRef = 7D6F29B11CCE1455005B6344 /* Group+CoreDataProperties.m */; };
		7D6F29BB1CCE1455005B6344 /* Group.m in Sources */ = {isa = PBXBuildFile; fileRef = 7D6F29B31CCE1455005B6344 /* Group.m */; };
		7D6F29C11CCF9C3A005B6344 /* FetchedResultController.m in Sources */ = {isa = PBXBuildFile; fileRef = 7D6F29C01CCF9C3A005B6344 /* FetchedResultController.m */; };
		7D6F29C41CD0C83F005B6344 /* Post.m in Sources */ = {isa = PBXBuildFile; fileRef = 7D6F29C31CD0C83F005B6344 /* Post.m */; };
		7D6F29D31CD0D395005B6344 /* AuthorCell.m in Sources */ = {isa = PBXBuildFile; fileRef = 7D6F29D11CD0D395005B6344 /* AuthorCell.m */; };
		7D6F29D41CD0D395005B6344 /* AuthorCell.xib in Resources */ = {isa = PBXBuildFile; fileRef = 7D6F29D21CD0D395005B6344 /* AuthorCell.xib */; };
		7D6F29DD1CD0D3B6005B6344 /* OtherCell.m in Sources */ = {isa = PBXBuildFile; fileRef = 7D6F29DB1CD0D3B6005B6344 /* OtherCell.m */; };
		7D6F29DE1CD0D3B6005B6344 /* OtherCell.xib in Resources */ = {isa = PBXBuildFile; fileRef = 7D6F29DC1CD0D3B6005B6344 /* OtherCell.xib */; };
		7DB90A2A1CBE68F4008B9AE0 /* main.m in Sources */ = {isa = PBXBuildFile; fileRef = 7DB90A291CBE68F4008B9AE0 /* main.m */; };
		7DB90A2D1CBE68F4008B9AE0 /* AppDelegate.m in Sources */ = {isa = PBXBuildFile; fileRef = 7DB90A2C1CBE68F4008B9AE0 /* AppDelegate.m */; };
		7DB90A331CBE68F4008B9AE0 /* Main.storyboard in Resources */ = {isa = PBXBuildFile; fileRef = 7DB90A311CBE68F4008B9AE0 /* Main.storyboard */; };
		7DB90A361CBE68F4008B9AE0 /* VKFeed.xcdatamodeld in Sources */ = {isa = PBXBuildFile; fileRef = 7DB90A341CBE68F4008B9AE0 /* VKFeed.xcdatamodeld */; };
		7DB90A381CBE68F4008B9AE0 /* Assets.xcassets in Resources */ = {isa = PBXBuildFile; fileRef = 7DB90A371CBE68F4008B9AE0 /* Assets.xcassets */; };
		7DB90A3B1CBE68F4008B9AE0 /* LaunchScreen.storyboard in Resources */ = {isa = PBXBuildFile; fileRef = 7DB90A391CBE68F4008B9AE0 /* LaunchScreen.storyboard */; };
		7DB90A461CBE68F5008B9AE0 /* VKFeedTests.m in Sources */ = {isa = PBXBuildFile; fileRef = 7DB90A451CBE68F5008B9AE0 /* VKFeedTests.m */; };
		7DB90A511CBE68F5008B9AE0 /* VKFeedUITests.m in Sources */ = {isa = PBXBuildFile; fileRef = 7DB90A501CBE68F5008B9AE0 /* VKFeedUITests.m */; };
		B1FB7D0768D9FAE3C05EA714 /* libPods-VKFeed.a in Frameworks */ = {isa = PBXBuildFile; fileRef = 173080DF71648675E93D6827 /* libPods-VKFeed.a */; };
/* End PBXBuildFile section */

/* Begin PBXContainerItemProxy section */
		7DB90A421CBE68F5008B9AE0 /* PBXContainerItemProxy */ = {
			isa = PBXContainerItemProxy;
			containerPortal = 7DB90A1D1CBE68F4008B9AE0 /* Project object */;
			proxyType = 1;
			remoteGlobalIDString = 7DB90A241CBE68F4008B9AE0;
			remoteInfo = VKFeed;
		};
		7DB90A4D1CBE68F5008B9AE0 /* PBXContainerItemProxy */ = {
			isa = PBXContainerItemProxy;
			containerPortal = 7DB90A1D1CBE68F4008B9AE0 /* Project object */;
			proxyType = 1;
			remoteGlobalIDString = 7DB90A241CBE68F4008B9AE0;
			remoteInfo = VKFeed;
		};
/* End PBXContainerItemProxy section */

/* Begin PBXFileReference section */
		173080DF71648675E93D6827 /* libPods-VKFeed.a */ = {isa = PBXFileReference; explicitFileType = archive.ar; includeInIndex = 0; path = "libPods-VKFeed.a"; sourceTree = BUILT_PRODUCTS_DIR; };
		2C24448B896BDB72517B742E /* Pods-VKFeed.debug.xcconfig */ = {isa = PBXFileReference; includeInIndex = 1; lastKnownFileType = text.xcconfig; name = "Pods-VKFeed.debug.xcconfig"; path = "Pods/Target Support Files/Pods-VKFeed/Pods-VKFeed.debug.xcconfig"; sourceTree = "<group>"; };
		7D1585921CBEB1E900361F3C /* NetManager.h */ = {isa = PBXFileReference; fileEncoding = 4; lastKnownFileType = sourcecode.c.h; path = NetManager.h; sourceTree = "<group>"; };
		7D1585931CBEB1E900361F3C /* NetManager.m */ = {isa = PBXFileReference; fileEncoding = 4; lastKnownFileType = sourcecode.c.objc; path = NetManager.m; sourceTree = "<group>"; };
		7D1585951CBEB48E00361F3C /* LoginController.h */ = {isa = PBXFileReference; fileEncoding = 4; lastKnownFileType = sourcecode.c.h; path = LoginController.h; sourceTree = "<group>"; };
		7D1585961CBEB48E00361F3C /* LoginController.m */ = {isa = PBXFileReference; fileEncoding = 4; lastKnownFileType = sourcecode.c.objc; path = LoginController.m; sourceTree = "<group>"; };
		7D15859B1CBF6D8A00361F3C /* DetailController.h */ = {isa = PBXFileReference; fileEncoding = 4; lastKnownFileType = sourcecode.c.h; path = DetailController.h; sourceTree = "<group>"; };
		7D15859C1CBF6D8A00361F3C /* DetailController.m */ = {isa = PBXFileReference; fileEncoding = 4; lastKnownFileType = sourcecode.c.objc; path = DetailController.m; sourceTree = "<group>"; };
		7D5F0B481CD3BFB700F4FB67 /* ImageCell.h */ = {isa = PBXFileReference; fileEncoding = 4; lastKnownFileType = sourcecode.c.h; path = ImageCell.h; sourceTree = "<group>"; };
		7D5F0B491CD3BFB700F4FB67 /* ImageCell.m */ = {isa = PBXFileReference; fileEncoding = 4; lastKnownFileType = sourcecode.c.objc; path = ImageCell.m; sourceTree = "<group>"; };
		7D5F0B4A1CD3BFB700F4FB67 /* ImageCell.xib */ = {isa = PBXFileReference; fileEncoding = 4; lastKnownFileType = file.xib; path = ImageCell.xib; sourceTree = "<group>"; };
		7D5F0B4D1CD3BFCB00F4FB67 /* TextCell.h */ = {isa = PBXFileReference; fileEncoding = 4; lastKnownFileType = sourcecode.c.h; path = TextCell.h; sourceTree = "<group>"; };
		7D5F0B4E1CD3BFCB00F4FB67 /* TextCell.m */ = {isa = PBXFileReference; fileEncoding = 4; lastKnownFileType = sourcecode.c.objc; path = TextCell.m; sourceTree = "<group>"; };
		7D5F0B4F1CD3BFCB00F4FB67 /* TextCell.xib */ = {isa = PBXFileReference; fileEncoding = 4; lastKnownFileType = file.xib; path = TextCell.xib; sourceTree = "<group>"; };
		7D5F0B521CD3BFD900F4FB67 /* CustomCell.h */ = {isa = PBXFileReference; fileEncoding = 4; lastKnownFileType = sourcecode.c.h; path = CustomCell.h; sourceTree = "<group>"; };
		7D5F0B531CD3BFD900F4FB67 /* CustomCell.m */ = {isa = PBXFileReference; fileEncoding = 4; lastKnownFileType = sourcecode.c.objc; path = CustomCell.m; sourceTree = "<group>"; };
		7D5F0B541CD3BFD900F4FB67 /* CustomCell.xib */ = {isa = PBXFileReference; fileEncoding = 4; lastKnownFileType = file.xib; path = CustomCell.xib; sourceTree = "<group>"; };
		7D6F296E1CC90DD5005B6344 /* OAuthViewController.h */ = {isa = PBXFileReference; fileEncoding = 4; lastKnownFileType = sourcecode.c.h; path = OAuthViewController.h; sourceTree = "<group>"; };
		7D6F296F1CC90DD5005B6344 /* OAuthViewController.m */ = {isa = PBXFileReference; fileEncoding = 4; lastKnownFileType = sourcecode.c.objc; path = OAuthViewController.m; sourceTree = "<group>"; };
		7D6F29711CC9559B005B6344 /* NewsController.h */ = {isa = PBXFileReference; fileEncoding = 4; lastKnownFileType = sourcecode.c.h; path = NewsController.h; sourceTree = "<group>"; };
		7D6F29721CC9559B005B6344 /* NewsController.m */ = {isa = PBXFileReference; fileEncoding = 4; lastKnownFileType = sourcecode.c.objc; path = NewsController.m; sourceTree = "<group>"; };
		7D6F29751CCA39F0005B6344 /* FeedMapper.h */ = {isa = PBXFileReference; fileEncoding = 4; lastKnownFileType = sourcecode.c.h; path = FeedMapper.h; sourceTree = "<group>"; };
		7D6F29761CCA39F0005B6344 /* FeedMapper.m */ = {isa = PBXFileReference; fileEncoding = 4; lastKnownFileType = sourcecode.c.objc; path = FeedMapper.m; sourceTree = "<group>"; };
		7D6F29901CCCD274005B6344 /* CoreData.framework */ = {isa = PBXFileReference; lastKnownFileType = wrapper.framework; name = CoreData.framework; path = System/Library/Frameworks/CoreData.framework; sourceTree = SDKROOT; };
		7D6F29A41CCE1455005B6344 /* Profile+CoreDataProperties.h */ = {isa = PBXFileReference; fileEncoding = 4; lastKnownFileType = sourcecode.c.h; path = "Profile+CoreDataProperties.h"; sourceTree = "<group>"; };
		7D6F29A51CCE1455005B6344 /* Profile+CoreDataProperties.m */ = {isa = PBXFileReference; fileEncoding = 4; lastKnownFileType = sourcecode.c.objc; path = "Profile+CoreDataProperties.m"; sourceTree = "<group>"; };
		7D6F29A61CCE1455005B6344 /* Profile.h */ = {isa = PBXFileReference; fileEncoding = 4; lastKnownFileType = sourcecode.c.h; path = Profile.h; sourceTree = "<group>"; };
		7D6F29A71CCE1455005B6344 /* Profile.m */ = {isa = PBXFileReference; fileEncoding = 4; lastKnownFileType = sourcecode.c.objc; path = Profile.m; sourceTree = "<group>"; };
		7D6F29A81CCE1455005B6344 /* Photo+CoreDataProperties.h */ = {isa = PBXFileReference; fileEncoding = 4; lastKnownFileType = sourcecode.c.h; path = "Photo+CoreDataProperties.h"; sourceTree = "<group>"; };
		7D6F29A91CCE1455005B6344 /* Photo+CoreDataProperties.m */ = {isa = PBXFileReference; fileEncoding = 4; lastKnownFileType = sourcecode.c.objc; path = "Photo+CoreDataProperties.m"; sourceTree = "<group>"; };
		7D6F29AA1CCE1455005B6344 /* Photo.h */ = {isa = PBXFileReference; fileEncoding = 4; lastKnownFileType = sourcecode.c.h; path = Photo.h; sourceTree = "<group>"; };
		7D6F29AB1CCE1455005B6344 /* Photo.m */ = {isa = PBXFileReference; fileEncoding = 4; lastKnownFileType = sourcecode.c.objc; path = Photo.m; sourceTree = "<group>"; };
		7D6F29AC1CCE1455005B6344 /* Item+CoreDataProperties.h */ = {isa = PBXFileReference; fileEncoding = 4; lastKnownFileType = sourcecode.c.h; path = "Item+CoreDataProperties.h"; sourceTree = "<group>"; };
		7D6F29AD1CCE1455005B6344 /* Item+CoreDataProperties.m */ = {isa = PBXFileReference; fileEncoding = 4; lastKnownFileType = sourcecode.c.objc; path = "Item+CoreDataProperties.m"; sourceTree = "<group>"; };
		7D6F29AE1CCE1455005B6344 /* Item.h */ = {isa = PBXFileReference; fileEncoding = 4; lastKnownFileType = sourcecode.c.h; path = Item.h; sourceTree = "<group>"; };
		7D6F29AF1CCE1455005B6344 /* Item.m */ = {isa = PBXFileReference; fileEncoding = 4; lastKnownFileType = sourcecode.c.objc; path = Item.m; sourceTree = "<group>"; };
		7D6F29B01CCE1455005B6344 /* Group+CoreDataProperties.h */ = {isa = PBXFileReference; fileEncoding = 4; lastKnownFileType = sourcecode.c.h; path = "Group+CoreDataProperties.h"; sourceTree = "<group>"; };
		7D6F29B11CCE1455005B6344 /* Group+CoreDataProperties.m */ = {isa = PBXFileReference; fileEncoding = 4; lastKnownFileType = sourcecode.c.objc; path = "Group+CoreDataProperties.m"; sourceTree = "<group>"; };
		7D6F29B21CCE1455005B6344 /* Group.h */ = {isa = PBXFileReference; fileEncoding = 4; lastKnownFileType = sourcecode.c.h; path = Group.h; sourceTree = "<group>"; };
		7D6F29B31CCE1455005B6344 /* Group.m */ = {isa = PBXFileReference; fileEncoding = 4; lastKnownFileType = sourcecode.c.objc; path = Group.m; sourceTree = "<group>"; };
		7D6F29BF1CCF9C3A005B6344 /* FetchedResultController.h */ = {isa = PBXFileReference; fileEncoding = 4; lastKnownFileType = sourcecode.c.h; path = FetchedResultController.h; sourceTree = "<group>"; };
		7D6F29C01CCF9C3A005B6344 /* FetchedResultController.m */ = {isa = PBXFileReference; fileEncoding = 4; lastKnownFileType = sourcecode.c.objc; path = FetchedResultController.m; sourceTree = "<group>"; };
		7D6F29C21CD0C83F005B6344 /* Post.h */ = {isa = PBXFileReference; fileEncoding = 4; lastKnownFileType = sourcecode.c.h; path = Post.h; sourceTree = "<group>"; };
		7D6F29C31CD0C83F005B6344 /* Post.m */ = {isa = PBXFileReference; fileEncoding = 4; lastKnownFileType = sourcecode.c.objc; path = Post.m; sourceTree = "<group>"; };
		7D6F29D01CD0D395005B6344 /* AuthorCell.h */ = {isa = PBXFileReference; fileEncoding = 4; lastKnownFileType = sourcecode.c.h; path = AuthorCell.h; sourceTree = "<group>"; };
		7D6F29D11CD0D395005B6344 /* AuthorCell.m */ = {isa = PBXFileReference; fileEncoding = 4; lastKnownFileType = sourcecode.c.objc; path = AuthorCell.m; sourceTree = "<group>"; };
		7D6F29D21CD0D395005B6344 /* AuthorCell.xib */ = {isa = PBXFileReference; fileEncoding = 4; lastKnownFileType = file.xib; path = AuthorCell.xib; sourceTree = "<group>"; };
		7D6F29DA1CD0D3B6005B6344 /* OtherCell.h */ = {isa = PBXFileReference; fileEncoding = 4; lastKnownFileType = sourcecode.c.h; path = OtherCell.h; sourceTree = "<group>"; };
		7D6F29DB1CD0D3B6005B6344 /* OtherCell.m */ = {isa = PBXFileReference; fileEncoding = 4; lastKnownFileType = sourcecode.c.objc; path = OtherCell.m; sourceTree = "<group>"; };
		7D6F29DC1CD0D3B6005B6344 /* OtherCell.xib */ = {isa = PBXFileReference; fileEncoding = 4; lastKnownFileType = file.xib; path = OtherCell.xib; sourceTree = "<group>"; };
		7DB90A251CBE68F4008B9AE0 /* VKFeed.app */ = {isa = PBXFileReference; explicitFileType = wrapper.application; includeInIndex = 0; path = VKFeed.app; sourceTree = BUILT_PRODUCTS_DIR; };
		7DB90A291CBE68F4008B9AE0 /* main.m */ = {isa = PBXFileReference; lastKnownFileType = sourcecode.c.objc; path = main.m; sourceTree = "<group>"; };
		7DB90A2B1CBE68F4008B9AE0 /* AppDelegate.h */ = {isa = PBXFileReference; lastKnownFileType = sourcecode.c.h; path = AppDelegate.h; sourceTree = "<group>"; };
		7DB90A2C1CBE68F4008B9AE0 /* AppDelegate.m */ = {isa = PBXFileReference; lastKnownFileType = sourcecode.c.objc; path = AppDelegate.m; sourceTree = "<group>"; };
		7DB90A321CBE68F4008B9AE0 /* Base */ = {isa = PBXFileReference; lastKnownFileType = file.storyboard; name = Base; path = Base.lproj/Main.storyboard; sourceTree = "<group>"; };
		7DB90A351CBE68F4008B9AE0 /* VKFeed.xcdatamodel */ = {isa = PBXFileReference; explicitFileType = wrapper.xcdatamodel; path = VKFeed.xcdatamodel; sourceTree = "<group>"; };
		7DB90A371CBE68F4008B9AE0 /* Assets.xcassets */ = {isa = PBXFileReference; lastKnownFileType = folder.assetcatalog; path = Assets.xcassets; sourceTree = "<group>"; };
		7DB90A3A1CBE68F4008B9AE0 /* Base */ = {isa = PBXFileReference; lastKnownFileType = file.storyboard; name = Base; path = Base.lproj/LaunchScreen.storyboard; sourceTree = "<group>"; };
		7DB90A3C1CBE68F4008B9AE0 /* Info.plist */ = {isa = PBXFileReference; lastKnownFileType = text.plist.xml; path = Info.plist; sourceTree = "<group>"; };
		7DB90A411CBE68F5008B9AE0 /* VKFeedTests.xctest */ = {isa = PBXFileReference; explicitFileType = wrapper.cfbundle; includeInIndex = 0; path = VKFeedTests.xctest; sourceTree = BUILT_PRODUCTS_DIR; };
		7DB90A451CBE68F5008B9AE0 /* VKFeedTests.m */ = {isa = PBXFileReference; lastKnownFileType = sourcecode.c.objc; path = VKFeedTests.m; sourceTree = "<group>"; };
		7DB90A471CBE68F5008B9AE0 /* Info.plist */ = {isa = PBXFileReference; lastKnownFileType = text.plist.xml; path = Info.plist; sourceTree = "<group>"; };
		7DB90A4C1CBE68F5008B9AE0 /* VKFeedUITests.xctest */ = {isa = PBXFileReference; explicitFileType = wrapper.cfbundle; includeInIndex = 0; path = VKFeedUITests.xctest; sourceTree = BUILT_PRODUCTS_DIR; };
		7DB90A501CBE68F5008B9AE0 /* VKFeedUITests.m */ = {isa = PBXFileReference; lastKnownFileType = sourcecode.c.objc; path = VKFeedUITests.m; sourceTree = "<group>"; };
		7DB90A521CBE68F5008B9AE0 /* Info.plist */ = {isa = PBXFileReference; lastKnownFileType = text.plist.xml; path = Info.plist; sourceTree = "<group>"; };
		7E434685429B375D6D3158AC /* Pods-VKFeed.release.xcconfig */ = {isa = PBXFileReference; includeInIndex = 1; lastKnownFileType = text.xcconfig; name = "Pods-VKFeed.release.xcconfig"; path = "Pods/Target Support Files/Pods-VKFeed/Pods-VKFeed.release.xcconfig"; sourceTree = "<group>"; };
/* End PBXFileReference section */

/* Begin PBXFrameworksBuildPhase section */
		7DB90A221CBE68F4008B9AE0 /* Frameworks */ = {
			isa = PBXFrameworksBuildPhase;
			buildActionMask = 2147483647;
			files = (
				7D6F29911CCCD274005B6344 /* CoreData.framework in Frameworks */,
				B1FB7D0768D9FAE3C05EA714 /* libPods-VKFeed.a in Frameworks */,
			);
			runOnlyForDeploymentPostprocessing = 0;
		};
		7DB90A3E1CBE68F5008B9AE0 /* Frameworks */ = {
			isa = PBXFrameworksBuildPhase;
			buildActionMask = 2147483647;
			files = (
			);
			runOnlyForDeploymentPostprocessing = 0;
		};
		7DB90A491CBE68F5008B9AE0 /* Frameworks */ = {
			isa = PBXFrameworksBuildPhase;
			buildActionMask = 2147483647;
			files = (
			);
			runOnlyForDeploymentPostprocessing = 0;
		};
/* End PBXFrameworksBuildPhase section */

/* Begin PBXGroup section */
		059B1222BFBEA005E5800A76 /* Frameworks */ = {
			isa = PBXGroup;
			children = (
				7D6F29901CCCD274005B6344 /* CoreData.framework */,
				173080DF71648675E93D6827 /* libPods-VKFeed.a */,
			);
			name = Frameworks;
			sourceTree = "<group>";
		};
		4A7F0E2B03E129EA37123623 /* Pods */ = {
			isa = PBXGroup;
			children = (
				2C24448B896BDB72517B742E /* Pods-VKFeed.debug.xcconfig */,
				7E434685429B375D6D3158AC /* Pods-VKFeed.release.xcconfig */,
			);
			name = Pods;
			sourceTree = "<group>";
		};
		7D6F29741CCA39D1005B6344 /* Mappers */ = {
			isa = PBXGroup;
			children = (
				7D6F29751CCA39F0005B6344 /* FeedMapper.h */,
				7D6F29761CCA39F0005B6344 /* FeedMapper.m */,
			);
			name = Mappers;
			sourceTree = "<group>";
		};
		7D6F297B1CCA6BD9005B6344 /* Network */ = {
			isa = PBXGroup;
			children = (
				7D1585921CBEB1E900361F3C /* NetManager.h */,
				7D1585931CBEB1E900361F3C /* NetManager.m */,
			);
			name = Network;
			sourceTree = "<group>";
		};
		7D6F29C81CD0D28A005B6344 /* Cells */ = {
			isa = PBXGroup;
			children = (
				7D6F29D01CD0D395005B6344 /* AuthorCell.h */,
				7D6F29D11CD0D395005B6344 /* AuthorCell.m */,
				7D6F29D21CD0D395005B6344 /* AuthorCell.xib */,
				7D6F29DA1CD0D3B6005B6344 /* OtherCell.h */,
				7D6F29DB1CD0D3B6005B6344 /* OtherCell.m */,
				7D6F29DC1CD0D3B6005B6344 /* OtherCell.xib */,
				7D5F0B481CD3BFB700F4FB67 /* ImageCell.h */,
				7D5F0B491CD3BFB700F4FB67 /* ImageCell.m */,
				7D5F0B4A1CD3BFB700F4FB67 /* ImageCell.xib */,
				7D5F0B4D1CD3BFCB00F4FB67 /* TextCell.h */,
				7D5F0B4E1CD3BFCB00F4FB67 /* TextCell.m */,
				7D5F0B4F1CD3BFCB00F4FB67 /* TextCell.xib */,
				7D5F0B521CD3BFD900F4FB67 /* CustomCell.h */,
				7D5F0B531CD3BFD900F4FB67 /* CustomCell.m */,
				7D5F0B541CD3BFD900F4FB67 /* CustomCell.xib */,
			);
			name = Cells;
			sourceTree = "<group>";
		};
		7DB90A1C1CBE68F4008B9AE0 = {
			isa = PBXGroup;
			children = (
				7DB90A271CBE68F4008B9AE0 /* VKFeed */,
				7DB90A441CBE68F5008B9AE0 /* VKFeedTests */,
				7DB90A4F1CBE68F5008B9AE0 /* VKFeedUITests */,
				7DB90A261CBE68F4008B9AE0 /* Products */,
				4A7F0E2B03E129EA37123623 /* Pods */,
				059B1222BFBEA005E5800A76 /* Frameworks */,
			);
			sourceTree = "<group>";
		};
		7DB90A261CBE68F4008B9AE0 /* Products */ = {
			isa = PBXGroup;
			children = (
				7DB90A251CBE68F4008B9AE0 /* VKFeed.app */,
				7DB90A411CBE68F5008B9AE0 /* VKFeedTests.xctest */,
				7DB90A4C1CBE68F5008B9AE0 /* VKFeedUITests.xctest */,
			);
			name = Products;
			sourceTree = "<group>";
		};
		7DB90A271CBE68F4008B9AE0 /* VKFeed */ = {
			isa = PBXGroup;
			children = (
				7DB90A601CBE6A67008B9AE0 /* Controller */,
				7DB90A5F1CBE6A62008B9AE0 /* View */,
				7DB90A5E1CBE6A5A008B9AE0 /* Model */,
				7DB90A371CBE68F4008B9AE0 /* Assets.xcassets */,
				7DB90A3C1CBE68F4008B9AE0 /* Info.plist */,
				7DB90A341CBE68F4008B9AE0 /* VKFeed.xcdatamodeld */,
				7DB90A281CBE68F4008B9AE0 /* Supporting Files */,
			);
			path = VKFeed;
			sourceTree = "<group>";
		};
		7DB90A281CBE68F4008B9AE0 /* Supporting Files */ = {
			isa = PBXGroup;
			children = (
				7DB90A291CBE68F4008B9AE0 /* main.m */,
			);
			name = "Supporting Files";
			sourceTree = "<group>";
		};
		7DB90A441CBE68F5008B9AE0 /* VKFeedTests */ = {
			isa = PBXGroup;
			children = (
				7DB90A451CBE68F5008B9AE0 /* VKFeedTests.m */,
				7DB90A471CBE68F5008B9AE0 /* Info.plist */,
			);
			path = VKFeedTests;
			sourceTree = "<group>";
		};
		7DB90A4F1CBE68F5008B9AE0 /* VKFeedUITests */ = {
			isa = PBXGroup;
			children = (
				7DB90A501CBE68F5008B9AE0 /* VKFeedUITests.m */,
				7DB90A521CBE68F5008B9AE0 /* Info.plist */,
			);
			path = VKFeedUITests;
			sourceTree = "<group>";
		};
		7DB90A5E1CBE6A5A008B9AE0 /* Model */ = {
			isa = PBXGroup;
			children = (
				7D6F297B1CCA6BD9005B6344 /* Network */,
				7D6F29741CCA39D1005B6344 /* Mappers */,
				7D6F29A41CCE1455005B6344 /* Profile+CoreDataProperties.h */,
				7D6F29A51CCE1455005B6344 /* Profile+CoreDataProperties.m */,
				7D6F29A61CCE1455005B6344 /* Profile.h */,
				7D6F29A71CCE1455005B6344 /* Profile.m */,
				7D6F29A81CCE1455005B6344 /* Photo+CoreDataProperties.h */,
				7D6F29A91CCE1455005B6344 /* Photo+CoreDataProperties.m */,
				7D6F29AA1CCE1455005B6344 /* Photo.h */,
				7D6F29AB1CCE1455005B6344 /* Photo.m */,
				7D6F29AC1CCE1455005B6344 /* Item+CoreDataProperties.h */,
				7D6F29AD1CCE1455005B6344 /* Item+CoreDataProperties.m */,
				7D6F29AE1CCE1455005B6344 /* Item.h */,
				7D6F29AF1CCE1455005B6344 /* Item.m */,
				7D6F29B01CCE1455005B6344 /* Group+CoreDataProperties.h */,
				7D6F29B11CCE1455005B6344 /* Group+CoreDataProperties.m */,
				7D6F29B21CCE1455005B6344 /* Group.h */,
				7D6F29B31CCE1455005B6344 /* Group.m */,
				7D6F29C21CD0C83F005B6344 /* Post.h */,
				7D6F29C31CD0C83F005B6344 /* Post.m */,
			);
			name = Model;
			sourceTree = "<group>";
		};
		7DB90A5F1CBE6A62008B9AE0 /* View */ = {
			isa = PBXGroup;
			children = (
				7D6F29C81CD0D28A005B6344 /* Cells */,
				7DB90A2B1CBE68F4008B9AE0 /* AppDelegate.h */,
				7DB90A2C1CBE68F4008B9AE0 /* AppDelegate.m */,
				7DB90A311CBE68F4008B9AE0 /* Main.storyboard */,
				7DB90A391CBE68F4008B9AE0 /* LaunchScreen.storyboard */,
			);
			name = View;
			sourceTree = "<group>";
		};
		7DB90A601CBE6A67008B9AE0 /* Controller */ = {
			isa = PBXGroup;
			children = (
				7D1585951CBEB48E00361F3C /* LoginController.h */,
				7D1585961CBEB48E00361F3C /* LoginController.m */,
				7D15859B1CBF6D8A00361F3C /* DetailController.h */,
				7D15859C1CBF6D8A00361F3C /* DetailController.m */,
				7D6F296E1CC90DD5005B6344 /* OAuthViewController.h */,
				7D6F296F1CC90DD5005B6344 /* OAuthViewController.m */,
				7D6F29711CC9559B005B6344 /* NewsController.h */,
				7D6F29721CC9559B005B6344 /* NewsController.m */,
				7D6F29BF1CCF9C3A005B6344 /* FetchedResultController.h */,
				7D6F29C01CCF9C3A005B6344 /* FetchedResultController.m */,
			);
			name = Controller;
			sourceTree = "<group>";
		};
/* End PBXGroup section */

/* Begin PBXNativeTarget section */
		7DB90A241CBE68F4008B9AE0 /* VKFeed */ = {
			isa = PBXNativeTarget;
			buildConfigurationList = 7DB90A551CBE68F5008B9AE0 /* Build configuration list for PBXNativeTarget "VKFeed" */;
			buildPhases = (
				7783FD76641C01431F9173CD /* Check Pods Manifest.lock */,
				7DB90A211CBE68F4008B9AE0 /* Sources */,
				7DB90A221CBE68F4008B9AE0 /* Frameworks */,
				7DB90A231CBE68F4008B9AE0 /* Resources */,
				61D2DF97D9D90A3CABD8B497 /* Embed Pods Frameworks */,
				A2A1D17B596369CE7D0F4E45 /* Copy Pods Resources */,
			);
			buildRules = (
			);
			dependencies = (
			);
			name = VKFeed;
			productName = VKFeed;
			productReference = 7DB90A251CBE68F4008B9AE0 /* VKFeed.app */;
			productType = "com.apple.product-type.application";
		};
		7DB90A401CBE68F5008B9AE0 /* VKFeedTests */ = {
			isa = PBXNativeTarget;
			buildConfigurationList = 7DB90A581CBE68F5008B9AE0 /* Build configuration list for PBXNativeTarget "VKFeedTests" */;
			buildPhases = (
				7DB90A3D1CBE68F5008B9AE0 /* Sources */,
				7DB90A3E1CBE68F5008B9AE0 /* Frameworks */,
				7DB90A3F1CBE68F5008B9AE0 /* Resources */,
			);
			buildRules = (
			);
			dependencies = (
				7DB90A431CBE68F5008B9AE0 /* PBXTargetDependency */,
			);
			name = VKFeedTests;
			productName = VKFeedTests;
			productReference = 7DB90A411CBE68F5008B9AE0 /* VKFeedTests.xctest */;
			productType = "com.apple.product-type.bundle.unit-test";
		};
		7DB90A4B1CBE68F5008B9AE0 /* VKFeedUITests */ = {
			isa = PBXNativeTarget;
			buildConfigurationList = 7DB90A5B1CBE68F5008B9AE0 /* Build configuration list for PBXNativeTarget "VKFeedUITests" */;
			buildPhases = (
				7DB90A481CBE68F5008B9AE0 /* Sources */,
				7DB90A491CBE68F5008B9AE0 /* Frameworks */,
				7DB90A4A1CBE68F5008B9AE0 /* Resources */,
			);
			buildRules = (
			);
			dependencies = (
				7DB90A4E1CBE68F5008B9AE0 /* PBXTargetDependency */,
			);
			name = VKFeedUITests;
			productName = VKFeedUITests;
			productReference = 7DB90A4C1CBE68F5008B9AE0 /* VKFeedUITests.xctest */;
			productType = "com.apple.product-type.bundle.ui-testing";
		};
/* End PBXNativeTarget section */

/* Begin PBXProject section */
		7DB90A1D1CBE68F4008B9AE0 /* Project object */ = {
			isa = PBXProject;
			attributes = {
				LastUpgradeCheck = 0730;
				ORGANIZATIONNAME = "Victor Bogatyrev";
				TargetAttributes = {
					7DB90A241CBE68F4008B9AE0 = {
						CreatedOnToolsVersion = 7.3;
					};
					7DB90A401CBE68F5008B9AE0 = {
						CreatedOnToolsVersion = 7.3;
						TestTargetID = 7DB90A241CBE68F4008B9AE0;
					};
					7DB90A4B1CBE68F5008B9AE0 = {
						CreatedOnToolsVersion = 7.3;
						TestTargetID = 7DB90A241CBE68F4008B9AE0;
					};
				};
			};
			buildConfigurationList = 7DB90A201CBE68F4008B9AE0 /* Build configuration list for PBXProject "VKFeed" */;
			compatibilityVersion = "Xcode 3.2";
			developmentRegion = English;
			hasScannedForEncodings = 0;
			knownRegions = (
				en,
				Base,
			);
			mainGroup = 7DB90A1C1CBE68F4008B9AE0;
			productRefGroup = 7DB90A261CBE68F4008B9AE0 /* Products */;
			projectDirPath = "";
			projectRoot = "";
			targets = (
				7DB90A241CBE68F4008B9AE0 /* VKFeed */,
				7DB90A401CBE68F5008B9AE0 /* VKFeedTests */,
				7DB90A4B1CBE68F5008B9AE0 /* VKFeedUITests */,
			);
		};
/* End PBXProject section */

/* Begin PBXResourcesBuildPhase section */
		7DB90A231CBE68F4008B9AE0 /* Resources */ = {
			isa = PBXResourcesBuildPhase;
			buildActionMask = 2147483647;
			files = (
				7DB90A3B1CBE68F4008B9AE0 /* LaunchScreen.storyboard in Resources */,
				7DB90A381CBE68F4008B9AE0 /* Assets.xcassets in Resources */,
				7D5F0B561CD3BFD900F4FB67 /* CustomCell.xib in Resources */,
				7D6F29D41CD0D395005B6344 /* AuthorCell.xib in Resources */,
				7D5F0B4C1CD3BFB700F4FB67 /* ImageCell.xib in Resources */,
				7D5F0B511CD3BFCB00F4FB67 /* TextCell.xib in Resources */,
				7D6F29DE1CD0D3B6005B6344 /* OtherCell.xib in Resources */,
				7DB90A331CBE68F4008B9AE0 /* Main.storyboard in Resources */,
			);
			runOnlyForDeploymentPostprocessing = 0;
		};
		7DB90A3F1CBE68F5008B9AE0 /* Resources */ = {
			isa = PBXResourcesBuildPhase;
			buildActionMask = 2147483647;
			files = (
			);
			runOnlyForDeploymentPostprocessing = 0;
		};
		7DB90A4A1CBE68F5008B9AE0 /* Resources */ = {
			isa = PBXResourcesBuildPhase;
			buildActionMask = 2147483647;
			files = (
			);
			runOnlyForDeploymentPostprocessing = 0;
		};
/* End PBXResourcesBuildPhase section */

/* Begin PBXShellScriptBuildPhase section */
		61D2DF97D9D90A3CABD8B497 /* Embed Pods Frameworks */ = {
			isa = PBXShellScriptBuildPhase;
			buildActionMask = 2147483647;
			files = (
			);
			inputPaths = (
			);
			name = "Embed Pods Frameworks";
			outputPaths = (
			);
			runOnlyForDeploymentPostprocessing = 0;
			shellPath = /bin/sh;
			shellScript = "\"${SRCROOT}/Pods/Target Support Files/Pods-VKFeed/Pods-VKFeed-frameworks.sh\"\n";
			showEnvVarsInLog = 0;
		};
		7783FD76641C01431F9173CD /* Check Pods Manifest.lock */ = {
			isa = PBXShellScriptBuildPhase;
			buildActionMask = 2147483647;
			files = (
			);
			inputPaths = (
			);
			name = "Check Pods Manifest.lock";
			outputPaths = (
			);
			runOnlyForDeploymentPostprocessing = 0;
			shellPath = /bin/sh;
			shellScript = "diff \"${PODS_ROOT}/../Podfile.lock\" \"${PODS_ROOT}/Manifest.lock\" > /dev/null\nif [[ $? != 0 ]] ; then\n    cat << EOM\nerror: The sandbox is not in sync with the Podfile.lock. Run 'pod install' or update your CocoaPods installation.\nEOM\n    exit 1\nfi\n";
			showEnvVarsInLog = 0;
		};
		A2A1D17B596369CE7D0F4E45 /* Copy Pods Resources */ = {
			isa = PBXShellScriptBuildPhase;
			buildActionMask = 2147483647;
			files = (
			);
			inputPaths = (
			);
			name = "Copy Pods Resources";
			outputPaths = (
			);
			runOnlyForDeploymentPostprocessing = 0;
			shellPath = /bin/sh;
			shellScript = "\"${SRCROOT}/Pods/Target Support Files/Pods-VKFeed/Pods-VKFeed-resources.sh\"\n";
			showEnvVarsInLog = 0;
		};
/* End PBXShellScriptBuildPhase section */

/* Begin PBXSourcesBuildPhase section */
		7DB90A211CBE68F4008B9AE0 /* Sources */ = {
			isa = PBXSourcesBuildPhase;
			buildActionMask = 2147483647;
			files = (
				7D6F29B51CCE1455005B6344 /* Profile.m in Sources */,
				7D6F29701CC90DD5005B6344 /* OAuthViewController.m in Sources */,
				7D5F0B551CD3BFD900F4FB67 /* CustomCell.m in Sources */,
				7D6F29B61CCE1455005B6344 /* Photo+CoreDataProperties.m in Sources */,
				7DB90A361CBE68F4008B9AE0 /* VKFeed.xcdatamodeld in Sources */,
				7D6F29B71CCE1455005B6344 /* Photo.m in Sources */,
				7D1585941CBEB1E900361F3C /* NetManager.m in Sources */,
				7D6F29C41CD0C83F005B6344 /* Post.m in Sources */,
				7DB90A2D1CBE68F4008B9AE0 /* AppDelegate.m in Sources */,
				7D6F29BA1CCE1455005B6344 /* Group+CoreDataProperties.m in Sources */,
				7D6F29731CC9559B005B6344 /* NewsController.m in Sources */,
				7D6F29BB1CCE1455005B6344 /* Group.m in Sources */,
				7D6F29B81CCE1455005B6344 /* Item+CoreDataProperties.m in Sources */,
				7D6F29DD1CD0D3B6005B6344 /* OtherCell.m in Sources */,
				7D5F0B4B1CD3BFB700F4FB67 /* ImageCell.m in Sources */,
				7D15859D1CBF6D8A00361F3C /* DetailController.m in Sources */,
				7D6F29C11CCF9C3A005B6344 /* FetchedResultController.m in Sources */,
				7D6F29D31CD0D395005B6344 /* AuthorCell.m in Sources */,
				7DB90A2A1CBE68F4008B9AE0 /* main.m in Sources */,
				7D6F29B91CCE1455005B6344 /* Item.m in Sources */,
				7D6F29771CCA39F0005B6344 /* FeedMapper.m in Sources */,
				7D6F29B41CCE1455005B6344 /* Profile+CoreDataProperties.m in Sources */,
				7D5F0B501CD3BFCB00F4FB67 /* TextCell.m in Sources */,
				7D1585971CBEB48E00361F3C /* LoginController.m in Sources */,
			);
			runOnlyForDeploymentPostprocessing = 0;
		};
		7DB90A3D1CBE68F5008B9AE0 /* Sources */ = {
			isa = PBXSourcesBuildPhase;
			buildActionMask = 2147483647;
			files = (
				7DB90A461CBE68F5008B9AE0 /* VKFeedTests.m in Sources */,
			);
			runOnlyForDeploymentPostprocessing = 0;
		};
		7DB90A481CBE68F5008B9AE0 /* Sources */ = {
			isa = PBXSourcesBuildPhase;
			buildActionMask = 2147483647;
			files = (
				7DB90A511CBE68F5008B9AE0 /* VKFeedUITests.m in Sources */,
			);
			runOnlyForDeploymentPostprocessing = 0;
		};
/* End PBXSourcesBuildPhase section */

/* Begin PBXTargetDependency section */
		7DB90A431CBE68F5008B9AE0 /* PBXTargetDependency */ = {
			isa = PBXTargetDependency;
			target = 7DB90A241CBE68F4008B9AE0 /* VKFeed */;
			targetProxy = 7DB90A421CBE68F5008B9AE0 /* PBXContainerItemProxy */;
		};
		7DB90A4E1CBE68F5008B9AE0 /* PBXTargetDependency */ = {
			isa = PBXTargetDependency;
			target = 7DB90A241CBE68F4008B9AE0 /* VKFeed */;
			targetProxy = 7DB90A4D1CBE68F5008B9AE0 /* PBXContainerItemProxy */;
		};
/* End PBXTargetDependency section */

/* Begin PBXVariantGroup section */
		7DB90A311CBE68F4008B9AE0 /* Main.storyboard */ = {
			isa = PBXVariantGroup;
			children = (
				7DB90A321CBE68F4008B9AE0 /* Base */,
			);
			name = Main.storyboard;
			sourceTree = "<group>";
		};
		7DB90A391CBE68F4008B9AE0 /* LaunchScreen.storyboard */ = {
			isa = PBXVariantGroup;
			children = (
				7DB90A3A1CBE68F4008B9AE0 /* Base */,
			);
			name = LaunchScreen.storyboard;
			sourceTree = "<group>";
		};
/* End PBXVariantGroup section */

/* Begin XCBuildConfiguration section */
		7DB90A531CBE68F5008B9AE0 /* Debug */ = {
			isa = XCBuildConfiguration;
			buildSettings = {
				ALWAYS_SEARCH_USER_PATHS = NO;
				CLANG_ANALYZER_NONNULL = YES;
				CLANG_CXX_LANGUAGE_STANDARD = "gnu++0x";
				CLANG_CXX_LIBRARY = "libc++";
				CLANG_ENABLE_MODULES = YES;
				CLANG_ENABLE_OBJC_ARC = YES;
				CLANG_WARN_BOOL_CONVERSION = YES;
				CLANG_WARN_CONSTANT_CONVERSION = YES;
				CLANG_WARN_DIRECT_OBJC_ISA_USAGE = YES_ERROR;
				CLANG_WARN_EMPTY_BODY = YES;
				CLANG_WARN_ENUM_CONVERSION = YES;
				CLANG_WARN_INT_CONVERSION = YES;
				CLANG_WARN_OBJC_ROOT_CLASS = YES_ERROR;
				CLANG_WARN_UNREACHABLE_CODE = YES;
				CLANG_WARN__DUPLICATE_METHOD_MATCH = YES;
				"CODE_SIGN_IDENTITY[sdk=iphoneos*]" = "iPhone Developer";
				COPY_PHASE_STRIP = NO;
				DEBUG_INFORMATION_FORMAT = dwarf;
				ENABLE_STRICT_OBJC_MSGSEND = YES;
				ENABLE_TESTABILITY = YES;
				GCC_C_LANGUAGE_STANDARD = gnu99;
				GCC_DYNAMIC_NO_PIC = NO;
				GCC_NO_COMMON_BLOCKS = YES;
				GCC_OPTIMIZATION_LEVEL = 0;
				GCC_PREPROCESSOR_DEFINITIONS = (
					"DEBUG=1",
					"$(inherited)",
				);
				GCC_WARN_64_TO_32_BIT_CONVERSION = YES;
				GCC_WARN_ABOUT_RETURN_TYPE = YES_ERROR;
				GCC_WARN_UNDECLARED_SELECTOR = YES;
				GCC_WARN_UNINITIALIZED_AUTOS = YES_AGGRESSIVE;
				GCC_WARN_UNUSED_FUNCTION = YES;
				GCC_WARN_UNUSED_VARIABLE = YES;
				IPHONEOS_DEPLOYMENT_TARGET = 9.3;
				MTL_ENABLE_DEBUG_INFO = YES;
				ONLY_ACTIVE_ARCH = YES;
				SDKROOT = iphoneos;
				TARGETED_DEVICE_FAMILY = "1,2";
			};
			name = Debug;
		};
		7DB90A541CBE68F5008B9AE0 /* Release */ = {
			isa = XCBuildConfiguration;
			buildSettings = {
				ALWAYS_SEARCH_USER_PATHS = NO;
				CLANG_ANALYZER_NONNULL = YES;
				CLANG_CXX_LANGUAGE_STANDARD = "gnu++0x";
				CLANG_CXX_LIBRARY = "libc++";
				CLANG_ENABLE_MODULES = YES;
				CLANG_ENABLE_OBJC_ARC = YES;
				CLANG_WARN_BOOL_CONVERSION = YES;
				CLANG_WARN_CONSTANT_CONVERSION = YES;
				CLANG_WARN_DIRECT_OBJC_ISA_USAGE = YES_ERROR;
				CLANG_WARN_EMPTY_BODY = YES;
				CLANG_WARN_ENUM_CONVERSION = YES;
				CLANG_WARN_INT_CONVERSION = YES;
				CLANG_WARN_OBJC_ROOT_CLASS = YES_ERROR;
				CLANG_WARN_UNREACHABLE_CODE = YES;
				CLANG_WARN__DUPLICATE_METHOD_MATCH = YES;
				"CODE_SIGN_IDENTITY[sdk=iphoneos*]" = "iPhone Developer";
				COPY_PHASE_STRIP = NO;
				DEBUG_INFORMATION_FORMAT = "dwarf-with-dsym";
				ENABLE_NS_ASSERTIONS = NO;
				ENABLE_STRICT_OBJC_MSGSEND = YES;
				GCC_C_LANGUAGE_STANDARD = gnu99;
				GCC_NO_COMMON_BLOCKS = YES;
				GCC_WARN_64_TO_32_BIT_CONVERSION = YES;
				GCC_WARN_ABOUT_RETURN_TYPE = YES_ERROR;
				GCC_WARN_UNDECLARED_SELECTOR = YES;
				GCC_WARN_UNINITIALIZED_AUTOS = YES_AGGRESSIVE;
				GCC_WARN_UNUSED_FUNCTION = YES;
				GCC_WARN_UNUSED_VARIABLE = YES;
				IPHONEOS_DEPLOYMENT_TARGET = 9.3;
				MTL_ENABLE_DEBUG_INFO = NO;
				SDKROOT = iphoneos;
				TARGETED_DEVICE_FAMILY = "1,2";
				VALIDATE_PRODUCT = YES;
			};
			name = Release;
		};
		7DB90A561CBE68F5008B9AE0 /* Debug */ = {
			isa = XCBuildConfiguration;
			baseConfigurationReference = 2C24448B896BDB72517B742E /* Pods-VKFeed.debug.xcconfig */;
			buildSettings = {
				ASSETCATALOG_COMPILER_APPICON_NAME = AppIcon;
				INFOPLIST_FILE = VKFeed/Info.plist;
				LD_RUNPATH_SEARCH_PATHS = "$(inherited) @executable_path/Frameworks";
				PRODUCT_BUNDLE_IDENTIFIER = com.test.VKFeed;
				PRODUCT_NAME = "$(TARGET_NAME)";
			};
			name = Debug;
		};
		7DB90A571CBE68F5008B9AE0 /* Release */ = {
			isa = XCBuildConfiguration;
			baseConfigurationReference = 7E434685429B375D6D3158AC /* Pods-VKFeed.release.xcconfig */;
			buildSettings = {
				ASSETCATALOG_COMPILER_APPICON_NAME = AppIcon;
				INFOPLIST_FILE = VKFeed/Info.plist;
				LD_RUNPATH_SEARCH_PATHS = "$(inherited) @executable_path/Frameworks";
				PRODUCT_BUNDLE_IDENTIFIER = com.test.VKFeed;
				PRODUCT_NAME = "$(TARGET_NAME)";
			};
			name = Release;
		};
		7DB90A591CBE68F5008B9AE0 /* Debug */ = {
			isa = XCBuildConfiguration;
			buildSettings = {
				BUNDLE_LOADER = "$(TEST_HOST)";
				INFOPLIST_FILE = VKFeedTests/Info.plist;
				LD_RUNPATH_SEARCH_PATHS = "$(inherited) @executable_path/Frameworks @loader_path/Frameworks";
				PRODUCT_BUNDLE_IDENTIFIER = com.test.VKFeedTests;
				PRODUCT_NAME = "$(TARGET_NAME)";
				TEST_HOST = "$(BUILT_PRODUCTS_DIR)/VKFeed.app/VKFeed";
			};
			name = Debug;
		};
		7DB90A5A1CBE68F5008B9AE0 /* Release */ = {
			isa = XCBuildConfiguration;
			buildSettings = {
				BUNDLE_LOADER = "$(TEST_HOST)";
				INFOPLIST_FILE = VKFeedTests/Info.plist;
				LD_RUNPATH_SEARCH_PATHS = "$(inherited) @executable_path/Frameworks @loader_path/Frameworks";
				PRODUCT_BUNDLE_IDENTIFIER = com.test.VKFeedTests;
				PRODUCT_NAME = "$(TARGET_NAME)";
				TEST_HOST = "$(BUILT_PRODUCTS_DIR)/VKFeed.app/VKFeed";
			};
			name = Release;
		};
		7DB90A5C1CBE68F5008B9AE0 /* Debug */ = {
			isa = XCBuildConfiguration;
			buildSettings = {
				INFOPLIST_FILE = VKFeedUITests/Info.plist;
				LD_RUNPATH_SEARCH_PATHS = "$(inherited) @executable_path/Frameworks @loader_path/Frameworks";
				PRODUCT_BUNDLE_IDENTIFIER = com.test.VKFeedUITests;
				PRODUCT_NAME = "$(TARGET_NAME)";
				TEST_TARGET_NAME = VKFeed;
			};
			name = Debug;
		};
		7DB90A5D1CBE68F5008B9AE0 /* Release */ = {
			isa = XCBuildConfiguration;
			buildSettings = {
				INFOPLIST_FILE = VKFeedUITests/Info.plist;
				LD_RUNPATH_SEARCH_PATHS = "$(inherited) @executable_path/Frameworks @loader_path/Frameworks";
				PRODUCT_BUNDLE_IDENTIFIER = com.test.VKFeedUITests;
				PRODUCT_NAME = "$(TARGET_NAME)";
				TEST_TARGET_NAME = VKFeed;
			};
			name = Release;
		};
/* End XCBuildConfiguration section */

/* Begin XCConfigurationList section */
		7DB90A201CBE68F4008B9AE0 /* Build configuration list for PBXProject "VKFeed" */ = {
			isa = XCConfigurationList;
			buildConfigurations = (
				7DB90A531CBE68F5008B9AE0 /* Debug */,
				7DB90A541CBE68F5008B9AE0 /* Release */,
			);
			defaultConfigurationIsVisible = 0;
			defaultConfigurationName = Release;
		};
		7DB90A551CBE68F5008B9AE0 /* Build configuration list for PBXNativeTarget "VKFeed" */ = {
			isa = XCConfigurationList;
			buildConfigurations = (
				7DB90A561CBE68F5008B9AE0 /* Debug */,
				7DB90A571CBE68F5008B9AE0 /* Release */,
			);
			defaultConfigurationIsVisible = 0;
			defaultConfigurationName = Release;
		};
		7DB90A581CBE68F5008B9AE0 /* Build configuration list for PBXNativeTarget "VKFeedTests" */ = {
			isa = XCConfigurationList;
			buildConfigurations = (
				7DB90A591CBE68F5008B9AE0 /* Debug */,
				7DB90A5A1CBE68F5008B9AE0 /* Release */,
			);
			defaultConfigurationIsVisible = 0;
			defaultConfigurationName = Release;
		};
		7DB90A5B1CBE68F5008B9AE0 /* Build configuration list for PBXNativeTarget "VKFeedUITests" */ = {
			isa = XCConfigurationList;
			buildConfigurations = (
				7DB90A5C1CBE68F5008B9AE0 /* Debug */,
				7DB90A5D1CBE68F5008B9AE0 /* Release */,
			);
			defaultConfigurationIsVisible = 0;
			defaultConfigurationName = Release;
		};
/* End XCConfigurationList section */

/* Begin XCVersionGroup section */
		7DB90A341CBE68F4008B9AE0 /* VKFeed.xcdatamodeld */ = {
			isa = XCVersionGroup;
			children = (
				7DB90A351CBE68F4008B9AE0 /* VKFeed.xcdatamodel */,
			);
			currentVersion = 7DB90A351CBE68F4008B9AE0 /* VKFeed.xcdatamodel */;
			path = VKFeed.xcdatamodeld;
			sourceTree = "<group>";
			versionGroupType = wrapper.xcdatamodel;
		};
/* End XCVersionGroup section */
	};
	rootObject = 7DB90A1D1CBE68F4008B9AE0 /* Project object */;
}
